
Microsoft Visual Studio Solution File, Format Version 12.00
# Visual Studio Version 16
VisualStudioVersion = 16.0.31129.286
MinimumVisualStudioVersion = 10.0.40219.1
Project("{9A19103F-16F7-4668-BE54-9A1E7A4F7556}") = "BehaviorDrivenDevelopment", "BehaviorDrivenDevelopment\BehaviorDrivenDevelopment.csproj", "{F8934CDD-66B2-4E7D-A4CA-043E871B8A92}"
EndProject
Project("{FAE04EC0-301F-11D3-BF4B-00C04F79EFBC}") = "SpecFlowCalculator.Specs", "SpecFlowCalculator.Specs\SpecFlowCalculator.Specs.csproj", "{0F606E43-935B-4A16-8D7D-89AC196E51C4}"
EndProject
Global
	GlobalSection(SolutionConfigurationPlatforms) = preSolution
		Debug|Any CPU = Debug|Any CPU
		Release|Any CPU = Release|Any CPU
	EndGlobalSection
	GlobalSection(ProjectConfigurationPlatforms) = postSolution
		{F8934CDD-66B2-4E7D-A4CA-043E871B8A92}.Debug|Any CPU.ActiveCfg = Debug|Any CPU
		{F8934CDD-66B2-4E7D-A4CA-043E871B8A92}.Debug|Any CPU.Build.0 = Debug|Any CPU
		{F8934CDD-66B2-4E7D-A4CA-043E871B8A92}.Release|Any CPU.ActiveCfg = Release|Any CPU
		{F8934CDD-66B2-4E7D-A4CA-043E871B8A92}.Release|Any CPU.Build.0 = Release|Any CPU
		{0F606E43-935B-4A16-8D7D-89AC196E51C4}.Debug|Any CPU.ActiveCfg = Debug|Any CPU
		{0F606E43-935B-4A16-8D7D-89AC196E51C4}.Debug|Any CPU.Build.0 = Debug|Any CPU
		{0F606E43-935B-4A16-8D7D-89AC196E51C4}.Release|Any CPU.ActiveCfg = Release|Any CPU
		{0F606E43-935B-4A16-8D7D-89AC196E51C4}.Release|Any CPU.Build.0 = Release|Any CPU
	EndGlobalSection
	GlobalSection(SolutionProperties) = preSolution
		HideSolutionNode = FALSE
	EndGlobalSection
	GlobalSection(ExtensibilityGlobals) = postSolution
		SolutionGuid = {4BCE5CE1-2FF9-4FDE-987F-747E87AE0B37}
	EndGlobalSection
EndGlobal
